
Microsoft Visual Studio Solution File, Format Version 12.00
# Visual Studio Version 17
VisualStudioVersion = 17.5.33530.505
MinimumVisualStudioVersion = 10.0.40219.1
Project("{2150E333-8FDC-42A3-9474-1A3956D46DE8}") = "src", "src", "{FD250F43-51F8-464B-AEAF-0283CD5CDAE9}"
EndProject
Project("{2150E333-8FDC-42A3-9474-1A3956D46DE8}") = "tests", "tests", "{0A4987A8-B596-425E-9C96-24C30EBF0A59}"
EndProject
Project("{9A19103F-16F7-4668-BE54-9A1E7A4F7556}") = "Domain", "src\Domain\Domain.csproj", "{30E68C8C-79FE-4365-998A-ADF16B41DCD7}"
EndProject
Project("{9A19103F-16F7-4668-BE54-9A1E7A4F7556}") = "Application", "src\Application\Application.csproj", "{8C88B2AF-DEDD-4D53-B543-8BE444046CB2}"
EndProject
Project("{9A19103F-16F7-4668-BE54-9A1E7A4F7556}") = "Infrastructure", "src\Infrastructure\Infrastructure.csproj", "{87614A25-8B18-4F0D-AA22-EBABDE6A5464}"
EndProject
Project("{9A19103F-16F7-4668-BE54-9A1E7A4F7556}") = "WebApi", "src\WebApi\WebApi.csproj", "{54E70034-39AD-4E96-890A-A74DAFAB399E}"
EndProject
Project("{9A19103F-16F7-4668-BE54-9A1E7A4F7556}") = "Application.UnitTests", "tests\Application.UnitTests\Application.UnitTests.csproj", "{B082AA28-B792-4A09-BE1E-EB73A18D3DD2}"
EndProject
Project("{9A19103F-16F7-4668-BE54-9A1E7A4F7556}") = "Application.IntegrationTests", "tests\Application.IntegrationTests\Application.IntegrationTests.csproj", "{BF4196A6-8AC2-4224-BC97-E255B5228D89}"
EndProject
Project("{9A19103F-16F7-4668-BE54-9A1E7A4F7556}") = "Wasm", "src\Wasm\Wasm.csproj", "{6C391265-959F-4734-8210-87E14EBF45C8}"
EndProject
Project("{FAE04EC0-301F-11D3-BF4B-00C04F79EFBC}") = "WorkerService", "src\WorkerService\WorkerService.csproj", "{95A1C165-2A87-43FE-91E5-3330F6FCB4DD}"
EndProject
Global
	GlobalSection(SolutionConfigurationPlatforms) = preSolution
		Debug|Any CPU = Debug|Any CPU
		Release|Any CPU = Release|Any CPU
	EndGlobalSection
	GlobalSection(ProjectConfigurationPlatforms) = postSolution
		{30E68C8C-79FE-4365-998A-ADF16B41DCD7}.Debug|Any CPU.ActiveCfg = Debug|Any CPU
		{30E68C8C-79FE-4365-998A-ADF16B41DCD7}.Debug|Any CPU.Build.0 = Debug|Any CPU
		{30E68C8C-79FE-4365-998A-ADF16B41DCD7}.Release|Any CPU.ActiveCfg = Release|Any CPU
		{30E68C8C-79FE-4365-998A-ADF16B41DCD7}.Release|Any CPU.Build.0 = Release|Any CPU
		{8C88B2AF-DEDD-4D53-B543-8BE444046CB2}.Debug|Any CPU.ActiveCfg = Debug|Any CPU
		{8C88B2AF-DEDD-4D53-B543-8BE444046CB2}.Debug|Any CPU.Build.0 = Debug|Any CPU
		{8C88B2AF-DEDD-4D53-B543-8BE444046CB2}.Release|Any CPU.ActiveCfg = Release|Any CPU
		{8C88B2AF-DEDD-4D53-B543-8BE444046CB2}.Release|Any CPU.Build.0 = Release|Any CPU
		{87614A25-8B18-4F0D-AA22-EBABDE6A5464}.Debug|Any CPU.ActiveCfg = Debug|Any CPU
		{87614A25-8B18-4F0D-AA22-EBABDE6A5464}.Debug|Any CPU.Build.0 = Debug|Any CPU
		{87614A25-8B18-4F0D-AA22-EBABDE6A5464}.Release|Any CPU.ActiveCfg = Release|Any CPU
		{87614A25-8B18-4F0D-AA22-EBABDE6A5464}.Release|Any CPU.Build.0 = Release|Any CPU
		{54E70034-39AD-4E96-890A-A74DAFAB399E}.Debug|Any CPU.ActiveCfg = Debug|Any CPU
		{54E70034-39AD-4E96-890A-A74DAFAB399E}.Debug|Any CPU.Build.0 = Debug|Any CPU
		{54E70034-39AD-4E96-890A-A74DAFAB399E}.Release|Any CPU.ActiveCfg = Release|Any CPU
		{54E70034-39AD-4E96-890A-A74DAFAB399E}.Release|Any CPU.Build.0 = Release|Any CPU
		{B082AA28-B792-4A09-BE1E-EB73A18D3DD2}.Debug|Any CPU.ActiveCfg = Debug|Any CPU
		{B082AA28-B792-4A09-BE1E-EB73A18D3DD2}.Debug|Any CPU.Build.0 = Debug|Any CPU
		{B082AA28-B792-4A09-BE1E-EB73A18D3DD2}.Release|Any CPU.ActiveCfg = Release|Any CPU
		{B082AA28-B792-4A09-BE1E-EB73A18D3DD2}.Release|Any CPU.Build.0 = Release|Any CPU
		{BF4196A6-8AC2-4224-BC97-E255B5228D89}.Debug|Any CPU.ActiveCfg = Debug|Any CPU
		{BF4196A6-8AC2-4224-BC97-E255B5228D89}.Debug|Any CPU.Build.0 = Debug|Any CPU
		{BF4196A6-8AC2-4224-BC97-E255B5228D89}.Release|Any CPU.ActiveCfg = Release|Any CPU
		{BF4196A6-8AC2-4224-BC97-E255B5228D89}.Release|Any CPU.Build.0 = Release|Any CPU
		{6C391265-959F-4734-8210-87E14EBF45C8}.Debug|Any CPU.ActiveCfg = Debug|Any CPU
		{6C391265-959F-4734-8210-87E14EBF45C8}.Debug|Any CPU.Build.0 = Debug|Any CPU
		{6C391265-959F-4734-8210-87E14EBF45C8}.Release|Any CPU.ActiveCfg = Release|Any CPU
		{6C391265-959F-4734-8210-87E14EBF45C8}.Release|Any CPU.Build.0 = Release|Any CPU
		{95A1C165-2A87-43FE-91E5-3330F6FCB4DD}.Debug|Any CPU.ActiveCfg = Debug|Any CPU
		{95A1C165-2A87-43FE-91E5-3330F6FCB4DD}.Debug|Any CPU.Build.0 = Debug|Any CPU
		{95A1C165-2A87-43FE-91E5-3330F6FCB4DD}.Release|Any CPU.ActiveCfg = Release|Any CPU
		{95A1C165-2A87-43FE-91E5-3330F6FCB4DD}.Release|Any CPU.Build.0 = Release|Any CPU
	EndGlobalSection
	GlobalSection(SolutionProperties) = preSolution
		HideSolutionNode = FALSE
	EndGlobalSection
	GlobalSection(NestedProjects) = preSolution
		{30E68C8C-79FE-4365-998A-ADF16B41DCD7} = {FD250F43-51F8-464B-AEAF-0283CD5CDAE9}
		{8C88B2AF-DEDD-4D53-B543-8BE444046CB2} = {FD250F43-51F8-464B-AEAF-0283CD5CDAE9}
		{87614A25-8B18-4F0D-AA22-EBABDE6A5464} = {FD250F43-51F8-464B-AEAF-0283CD5CDAE9}
		{54E70034-39AD-4E96-890A-A74DAFAB399E} = {FD250F43-51F8-464B-AEAF-0283CD5CDAE9}
		{B082AA28-B792-4A09-BE1E-EB73A18D3DD2} = {0A4987A8-B596-425E-9C96-24C30EBF0A59}
		{BF4196A6-8AC2-4224-BC97-E255B5228D89} = {0A4987A8-B596-425E-9C96-24C30EBF0A59}
		{6C391265-959F-4734-8210-87E14EBF45C8} = {FD250F43-51F8-464B-AEAF-0283CD5CDAE9}
		{95A1C165-2A87-43FE-91E5-3330F6FCB4DD} = {FD250F43-51F8-464B-AEAF-0283CD5CDAE9}
	EndGlobalSection
	GlobalSection(ExtensibilityGlobals) = postSolution
		SolutionGuid = {CD682100-4FCB-4CA6-B97D-529E1A670298}
	EndGlobalSection
EndGlobal
